
Microsoft Visual Studio Solution File, Format Version 12.00
# Visual Studio Version 17
VisualStudioVersion = 17.11.35312.102
MinimumVisualStudioVersion = 10.0.40219.1
Project("{9A19103F-16F7-4668-BE54-9A1E7A4F7556}") = "ThingEx.UserService", "ThingEx.UserService\ThingEx.UserService.csproj", "{C866BAFB-7948-44E2-A33B-0CC1270347B5}"
EndProject
Project("{9A19103F-16F7-4668-BE54-9A1E7A4F7556}") = "ThingEx.UserService.Core", "ThingEx.UserService.Core\ThingEx.UserService.Core.csproj", "{2DA509DF-D80C-4650-B44C-BAAD11496DA4}"
EndProject
Project("{FAE04EC0-301F-11D3-BF4B-00C04F79EFBC}") = "ThingEx.UserService.Repositories", "ThingEx.UserService.Repositories\ThingEx.UserService.Repositories.csproj", "{6F2A9A0F-4E36-4092-9AF5-5E96A4235BBE}"
EndProject
Global
	GlobalSection(SolutionConfigurationPlatforms) = preSolution
		Debug|Any CPU = Debug|Any CPU
		Release|Any CPU = Release|Any CPU
	EndGlobalSection
	GlobalSection(ProjectConfigurationPlatforms) = postSolution
		{C866BAFB-7948-44E2-A33B-0CC1270347B5}.Debug|Any CPU.ActiveCfg = Debug|Any CPU
		{C866BAFB-7948-44E2-A33B-0CC1270347B5}.Debug|Any CPU.Build.0 = Debug|Any CPU
		{C866BAFB-7948-44E2-A33B-0CC1270347B5}.Release|Any CPU.ActiveCfg = Release|Any CPU
		{C866BAFB-7948-44E2-A33B-0CC1270347B5}.Release|Any CPU.Build.0 = Release|Any CPU
		{2DA509DF-D80C-4650-B44C-BAAD11496DA4}.Debug|Any CPU.ActiveCfg = Debug|Any CPU
		{2DA509DF-D80C-4650-B44C-BAAD11496DA4}.Debug|Any CPU.Build.0 = Debug|Any CPU
		{2DA509DF-D80C-4650-B44C-BAAD11496DA4}.Release|Any CPU.ActiveCfg = Release|Any CPU
		{2DA509DF-D80C-4650-B44C-BAAD11496DA4}.Release|Any CPU.Build.0 = Release|Any CPU
		{6F2A9A0F-4E36-4092-9AF5-5E96A4235BBE}.Debug|Any CPU.ActiveCfg = Debug|Any CPU
		{6F2A9A0F-4E36-4092-9AF5-5E96A4235BBE}.Debug|Any CPU.Build.0 = Debug|Any CPU
		{6F2A9A0F-4E36-4092-9AF5-5E96A4235BBE}.Release|Any CPU.ActiveCfg = Release|Any CPU
		{6F2A9A0F-4E36-4092-9AF5-5E96A4235BBE}.Release|Any CPU.Build.0 = Release|Any CPU
	EndGlobalSection
	GlobalSection(SolutionProperties) = preSolution
		HideSolutionNode = FALSE
	EndGlobalSection
	GlobalSection(ExtensibilityGlobals) = postSolution
		SolutionGuid = {43645C58-9E1D-4505-AD32-1EF70DF14412}
	EndGlobalSection
EndGlobal
